
Microsoft Visual Studio Solution File, Format Version 12.00
# Visual Studio Version 16
VisualStudioVersion = 16.0.30524.135
MinimumVisualStudioVersion = 10.0.40219.1
Project("{9A19103F-16F7-4668-BE54-9A1E7A4F7556}") = "AmongUsRoulette", "AmongUsRoulette\AmongUsRoulette.csproj", "{062A75EC-51F7-4709-80AD-E7E18FB2323E}"
EndProject
Global
	GlobalSection(SolutionConfigurationPlatforms) = preSolution
		Debug|Any CPU = Debug|Any CPU
		Release|Any CPU = Release|Any CPU
	EndGlobalSection
	GlobalSection(ProjectConfigurationPlatforms) = postSolution
		{062A75EC-51F7-4709-80AD-E7E18FB2323E}.Debug|Any CPU.ActiveCfg = Debug|Any CPU
		{062A75EC-51F7-4709-80AD-E7E18FB2323E}.Debug|Any CPU.Build.0 = Debug|Any CPU
		{062A75EC-51F7-4709-80AD-E7E18FB2323E}.Release|Any CPU.ActiveCfg = Release|Any CPU
		{062A75EC-51F7-4709-80AD-E7E18FB2323E}.Release|Any CPU.Build.0 = Release|Any CPU
	EndGlobalSection
	GlobalSection(SolutionProperties) = preSolution
		HideSolutionNode = FALSE
	EndGlobalSection
	GlobalSection(ExtensibilityGlobals) = postSolution
		SolutionGuid = {3884733E-521A-4A4C-935F-B9C1AFC45419}
	EndGlobalSection
EndGlobal
